{
  "name": "lilon",
  "lockfileVersion": 2,
  "requires": true,
  "packages": {
    "": {
      "dependencies": {
        "ng-spy": "^4.0.2"
      }
    },
    "node_modules/ng-spy": {
      "version": "4.0.2",
      "resolved": "https://registry.npmjs.org/ng-spy/-/ng-spy-4.0.2.tgz",
      "integrity": "sha512-6YcS+R9RNUW3jsXR22qROgB3K5u22PQdQNr8IFP4nC8EHf3lu0NXcthTIowDjqkzirUilQl4vbiTJMJ4P6nyuw==",
      "dependencies": {
        "tslib": "^2.0.0"
      },
      "peerDependencies": {
        "@angular/common": "^14.0.0",
        "@angular/core": "^14.0.0"
      }
    },
    "node_modules/tslib": {
      "version": "2.6.2",
      "resolved": "https://registry.npmjs.org/tslib/-/tslib-2.6.2.tgz",
      "integrity": "sha512-AEYxH93jGFPn/a2iVAwW87VuUIkR1FVUKB77NwMF7nBTDkDrrT/Hpt/IrCJ0QXhW27jTBDcf5ZY7w6RiqTMw2Q=="
    }
  },
  "dependencies": {
    "ng-spy": {
      "version": "4.0.2",
      "resolved": "https://registry.npmjs.org/ng-spy/-/ng-spy-4.0.2.tgz",
      "integrity": "sha512-6YcS+R9RNUW3jsXR22qROgB3K5u22PQdQNr8IFP4nC8EHf3lu0NXcthTIowDjqkzirUilQl4vbiTJMJ4P6nyuw==",
      "requires": {
        "tslib": "^2.0.0"
      }
    },
    "tslib": {
      "version": "2.6.2",
      "resolved": "https://registry.npmjs.org/tslib/-/tslib-2.6.2.tgz",
      "integrity": "sha512-AEYxH93jGFPn/a2iVAwW87VuUIkR1FVUKB77NwMF7nBTDkDrrT/Hpt/IrCJ0QXhW27jTBDcf5ZY7w6RiqTMw2Q=="
    }
  }
}
